
Microsoft Visual Studio Solution File, Format Version 12.00
# Visual Studio Version 16
VisualStudioVersion = 16.0.29503.13
MinimumVisualStudioVersion = 10.0.40219.1
Project("{FAE04EC0-301F-11D3-BF4B-00C04F79EFBC}") = "Food", "Food\Food.csproj", "{82C9699C-C9AE-434B-BCFB-037710629B4A}"
EndProject
Project("{FAE04EC0-301F-11D3-BF4B-00C04F79EFBC}") = "Food.Core", "Food.Core\Food.Core.csproj", "{07783F4B-542C-487F-949E-7A8F32D4A9A8}"
EndProject
Project("{FAE04EC0-301F-11D3-BF4B-00C04F79EFBC}") = "Foot.Data", "Foot.Data\Foot.Data.csproj", "{EDBF9F70-4BB9-44C4-9F95-9EE2C63C27D3}"
EndProject
Global
	GlobalSection(SolutionConfigurationPlatforms) = preSolution
		Debug|Any CPU = Debug|Any CPU
		Release|Any CPU = Release|Any CPU
	EndGlobalSection
	GlobalSection(ProjectConfigurationPlatforms) = postSolution
		{82C9699C-C9AE-434B-BCFB-037710629B4A}.Debug|Any CPU.ActiveCfg = Debug|Any CPU
		{82C9699C-C9AE-434B-BCFB-037710629B4A}.Debug|Any CPU.Build.0 = Debug|Any CPU
		{82C9699C-C9AE-434B-BCFB-037710629B4A}.Release|Any CPU.ActiveCfg = Release|Any CPU
		{82C9699C-C9AE-434B-BCFB-037710629B4A}.Release|Any CPU.Build.0 = Release|Any CPU
		{07783F4B-542C-487F-949E-7A8F32D4A9A8}.Debug|Any CPU.ActiveCfg = Debug|Any CPU
		{07783F4B-542C-487F-949E-7A8F32D4A9A8}.Debug|Any CPU.Build.0 = Debug|Any CPU
		{07783F4B-542C-487F-949E-7A8F32D4A9A8}.Release|Any CPU.ActiveCfg = Release|Any CPU
		{07783F4B-542C-487F-949E-7A8F32D4A9A8}.Release|Any CPU.Build.0 = Release|Any CPU
		{EDBF9F70-4BB9-44C4-9F95-9EE2C63C27D3}.Debug|Any CPU.ActiveCfg = Debug|Any CPU
		{EDBF9F70-4BB9-44C4-9F95-9EE2C63C27D3}.Debug|Any CPU.Build.0 = Debug|Any CPU
		{EDBF9F70-4BB9-44C4-9F95-9EE2C63C27D3}.Release|Any CPU.ActiveCfg = Release|Any CPU
		{EDBF9F70-4BB9-44C4-9F95-9EE2C63C27D3}.Release|Any CPU.Build.0 = Release|Any CPU
	EndGlobalSection
	GlobalSection(SolutionProperties) = preSolution
		HideSolutionNode = FALSE
	EndGlobalSection
	GlobalSection(ExtensibilityGlobals) = postSolution
		SolutionGuid = {CC4DE77E-3FCA-4BB4-A01C-D140409D8F65}
	EndGlobalSection
EndGlobal
